{
  "requires": true,
  "lockfileVersion": 1,
  "dependencies": {
    "pagarme": {
      "version": "3.8.0",
      "resolved": "https://registry.npmjs.org/pagarme/-/pagarme-3.8.0.tgz",
      "integrity": "sha512-Vuh9DYfJoXqztgaGacALDM0W+CsJr/e4PQ4SttriqqrS6axNecxUGyGIjQfLFoC2h+2rRlgeTx4fQZbWN53CNw=="
    }
  }
}
